
Microsoft Visual Studio Solution File, Format Version 12.00
# Visual Studio Version 16
VisualStudioVersion = 16.0.30717.126
MinimumVisualStudioVersion = 10.0.40219.1
Project("{FAE04EC0-301F-11D3-BF4B-00C04F79EFBC}") = "Repaso", "Repaso\Repaso.csproj", "{2CD8E858-DCB0-4463-9D2F-7FE5821155CF}"
EndProject
Global
	GlobalSection(SolutionConfigurationPlatforms) = preSolution
		Debug|Any CPU = Debug|Any CPU
		Release|Any CPU = Release|Any CPU
	EndGlobalSection
	GlobalSection(ProjectConfigurationPlatforms) = postSolution
		{2CD8E858-DCB0-4463-9D2F-7FE5821155CF}.Debug|Any CPU.ActiveCfg = Debug|Any CPU
		{2CD8E858-DCB0-4463-9D2F-7FE5821155CF}.Debug|Any CPU.Build.0 = Debug|Any CPU
		{2CD8E858-DCB0-4463-9D2F-7FE5821155CF}.Release|Any CPU.ActiveCfg = Release|Any CPU
		{2CD8E858-DCB0-4463-9D2F-7FE5821155CF}.Release|Any CPU.Build.0 = Release|Any CPU
	EndGlobalSection
	GlobalSection(SolutionProperties) = preSolution
		HideSolutionNode = FALSE
	EndGlobalSection
	GlobalSection(ExtensibilityGlobals) = postSolution
		SolutionGuid = {CD793786-B0A8-4F45-BA3B-B5C22C364380}
	EndGlobalSection
EndGlobal
